Microsoft Visual Studio Solution File, Format Version 12.00
# Visual Studio 15
VisualStudioVersion = 15.0.27130.2026
MinimumVisualStudioVersion = 15.0.26124.0
Project("{2150E333-8FDC-42A3-9474-1A3956D46DE8}") = "src", "src", "{751DA0AE-6417-45DA-ADD2-3D24ED734101}"
EndProject
Project("{9A19103F-16F7-4668-BE54-9A1E7A4F7556}") = "CompTech.Ict.Sample", "src\CompTech.Ict.Sample\CompTech.Ict.Sample.csproj", "{90EEE83F-F041-455C-A214-EE7ABC9E1364}"
EndProject
Project("{9A19103F-16F7-4668-BE54-9A1E7A4F7556}") = "CompTech.Ict.Executor", "src\CompTech.Ict.Executor\CompTech.Ict.Executor.csproj", "{727417C7-2100-41DF-A098-C8CFAA51A822}"
EndProject
Global
	GlobalSection(SolutionConfigurationPlatforms) = preSolution
		Debug|Any CPU = Debug|Any CPU
		Debug|x64 = Debug|x64
		Debug|x86 = Debug|x86
		Release|Any CPU = Release|Any CPU
		Release|x64 = Release|x64
		Release|x86 = Release|x86
	EndGlobalSection
	GlobalSection(ProjectConfigurationPlatforms) = postSolution
		{90EEE83F-F041-455C-A214-EE7ABC9E1364}.Debug|Any CPU.ActiveCfg = Debug|Any CPU
		{90EEE83F-F041-455C-A214-EE7ABC9E1364}.Debug|Any CPU.Build.0 = Debug|Any CPU
		{90EEE83F-F041-455C-A214-EE7ABC9E1364}.Debug|x64.ActiveCfg = Debug|Any CPU
		{90EEE83F-F041-455C-A214-EE7ABC9E1364}.Debug|x64.Build.0 = Debug|Any CPU
		{90EEE83F-F041-455C-A214-EE7ABC9E1364}.Debug|x86.ActiveCfg = Debug|Any CPU
		{90EEE83F-F041-455C-A214-EE7ABC9E1364}.Debug|x86.Build.0 = Debug|Any CPU
		{90EEE83F-F041-455C-A214-EE7ABC9E1364}.Release|Any CPU.ActiveCfg = Release|Any CPU
		{90EEE83F-F041-455C-A214-EE7ABC9E1364}.Release|Any CPU.Build.0 = Release|Any CPU
		{90EEE83F-F041-455C-A214-EE7ABC9E1364}.Release|x64.ActiveCfg = Release|Any CPU
		{90EEE83F-F041-455C-A214-EE7ABC9E1364}.Release|x64.Build.0 = Release|Any CPU
		{90EEE83F-F041-455C-A214-EE7ABC9E1364}.Release|x86.ActiveCfg = Release|Any CPU
		{90EEE83F-F041-455C-A214-EE7ABC9E1364}.Release|x86.Build.0 = Release|Any CPU
		{727417C7-2100-41DF-A098-C8CFAA51A822}.Debug|Any CPU.ActiveCfg = Debug|Any CPU
		{727417C7-2100-41DF-A098-C8CFAA51A822}.Debug|Any CPU.Build.0 = Debug|Any CPU
		{727417C7-2100-41DF-A098-C8CFAA51A822}.Debug|x64.ActiveCfg = Debug|Any CPU
		{727417C7-2100-41DF-A098-C8CFAA51A822}.Debug|x64.Build.0 = Debug|Any CPU
		{727417C7-2100-41DF-A098-C8CFAA51A822}.Debug|x86.ActiveCfg = Debug|Any CPU
		{727417C7-2100-41DF-A098-C8CFAA51A822}.Debug|x86.Build.0 = Debug|Any CPU
		{727417C7-2100-41DF-A098-C8CFAA51A822}.Release|Any CPU.ActiveCfg = Release|Any CPU
		{727417C7-2100-41DF-A098-C8CFAA51A822}.Release|Any CPU.Build.0 = Release|Any CPU
		{727417C7-2100-41DF-A098-C8CFAA51A822}.Release|x64.ActiveCfg = Release|Any CPU
		{727417C7-2100-41DF-A098-C8CFAA51A822}.Release|x64.Build.0 = Release|Any CPU
		{727417C7-2100-41DF-A098-C8CFAA51A822}.Release|x86.ActiveCfg = Release|Any CPU
		{727417C7-2100-41DF-A098-C8CFAA51A822}.Release|x86.Build.0 = Release|Any CPU
	EndGlobalSection
	GlobalSection(SolutionProperties) = preSolution
		HideSolutionNode = FALSE
	EndGlobalSection
	GlobalSection(NestedProjects) = preSolution
		{90EEE83F-F041-455C-A214-EE7ABC9E1364} = {751DA0AE-6417-45DA-ADD2-3D24ED734101}
		{727417C7-2100-41DF-A098-C8CFAA51A822} = {751DA0AE-6417-45DA-ADD2-3D24ED734101}
	EndGlobalSection
	GlobalSection(ExtensibilityGlobals) = postSolution
		SolutionGuid = {30DF1149-283F-475F-8B90-881C7EDB9D8F}
	EndGlobalSection
EndGlobal
